github.com/vyberd/popup v0.0.0-20230513063917-d989287df810 h1:jA6Yg+RX5JiopBz7/DmErobwvmG5/NMaE5uEsaD3JMI=
github.com/vyberd/popup v0.0.0-20230513063917-d989287df810/go.mod h1:q2Rg13Y0oogk6tJAHjF1OLLbPk+8rfMxkmQHyo/uZik=
github.com/vyberd/popup v0.0.0-20230516082211-a0f3df56cda0 h1:MMJ3/hWGHCTzRj/ZARmKTVKpfI05xiDTCL8bUQhFc2M=
github.com/vyberd/popup v0.0.0-20230516082211-a0f3df56cda0/go.mod h1:q2Rg13Y0oogk6tJAHjF1OLLbPk+8rfMxkmQHyo/uZik=
